
Microsoft Visual Studio Solution File, Format Version 12.00
# Visual Studio Version 17
VisualStudioVersion = 17.5.002.0
MinimumVisualStudioVersion = 10.0.40219.1
Project("{9A19103F-16F7-4668-BE54-9A1E7A4F7556}") = "Lessons4", "Lessons4.csproj", "{1812CDC8-BC78-4507-99FB-49D42B94E899}"
EndProject
Global
	GlobalSection(SolutionConfigurationPlatforms) = preSolution
		Debug|Any CPU = Debug|Any CPU
		Release|Any CPU = Release|Any CPU
	EndGlobalSection
	GlobalSection(ProjectConfigurationPlatforms) = postSolution
		{1812CDC8-BC78-4507-99FB-49D42B94E899}.Debug|Any CPU.ActiveCfg = Debug|Any CPU
		{1812CDC8-BC78-4507-99FB-49D42B94E899}.Debug|Any CPU.Build.0 = Debug|Any CPU
		{1812CDC8-BC78-4507-99FB-49D42B94E899}.Release|Any CPU.ActiveCfg = Release|Any CPU
		{1812CDC8-BC78-4507-99FB-49D42B94E899}.Release|Any CPU.Build.0 = Release|Any CPU
	EndGlobalSection
	GlobalSection(SolutionProperties) = preSolution
		HideSolutionNode = FALSE
	EndGlobalSection
	GlobalSection(ExtensibilityGlobals) = postSolution
		SolutionGuid = {4C97F36F-115B-464D-A510-4D86FF219A7D}
	EndGlobalSection
EndGlobal
