
Microsoft Visual Studio Solution File, Format Version 12.00
# Visual Studio Version 17
VisualStudioVersion = 17.5.002.0
MinimumVisualStudioVersion = 10.0.40219.1
Project("{9A19103F-16F7-4668-BE54-9A1E7A4F7556}") = "Lessons5", "Lessons5.csproj", "{8127D17D-C525-4CC1-B0E9-BA92D4A53B8B}"
EndProject
Global
	GlobalSection(SolutionConfigurationPlatforms) = preSolution
		Debug|Any CPU = Debug|Any CPU
		Release|Any CPU = Release|Any CPU
	EndGlobalSection
	GlobalSection(ProjectConfigurationPlatforms) = postSolution
		{8127D17D-C525-4CC1-B0E9-BA92D4A53B8B}.Debug|Any CPU.ActiveCfg = Debug|Any CPU
		{8127D17D-C525-4CC1-B0E9-BA92D4A53B8B}.Debug|Any CPU.Build.0 = Debug|Any CPU
		{8127D17D-C525-4CC1-B0E9-BA92D4A53B8B}.Release|Any CPU.ActiveCfg = Release|Any CPU
		{8127D17D-C525-4CC1-B0E9-BA92D4A53B8B}.Release|Any CPU.Build.0 = Release|Any CPU
	EndGlobalSection
	GlobalSection(SolutionProperties) = preSolution
		HideSolutionNode = FALSE
	EndGlobalSection
	GlobalSection(ExtensibilityGlobals) = postSolution
		SolutionGuid = {51A1B898-4412-4D75-B343-A6A6B563EFD6}
	EndGlobalSection
EndGlobal
